// !$*UTF8*$!
{
	archiveVersion = 1;
	classes = {
	};
	objectVersion = 55;
	objects = {

/* Begin PBXBuildFile section */
		6725C26F27CF025B000D76CB /* AppDelegate.swift in Sources */ = {isa = PBXBuildFile; fileRef = 6725C26E27CF025B000D76CB /* AppDelegate.swift */; };
		6725C27127CF025B000D76CB /* SceneDelegate.swift in Sources */ = {isa = PBXBuildFile; fileRef = 6725C27027CF025B000D76CB /* SceneDelegate.swift */; };
		6725C27327CF025B000D76CB /* ViewController.swift in Sources */ = {isa = PBXBuildFile; fileRef = 6725C27227CF025B000D76CB /* ViewController.swift */; };
		6725C27627CF025B000D76CB /* Main.storyboard in Resources */ = {isa = PBXBuildFile; fileRef = 6725C27427CF025B000D76CB /* Main.storyboard */; };
		6725C27827CF025B000D76CB /* Assets.xcassets in Resources */ = {isa = PBXBuildFile; fileRef = 6725C27727CF025B000D76CB /* Assets.xcassets */; };
		6725C27B27CF025B000D76CB /* LaunchScreen.storyboard in Resources */ = {isa = PBXBuildFile; fileRef = 6725C27927CF025B000D76CB /* LaunchScreen.storyboard */; };
		6725C28327CF0289000D76CB /* GoogleService-Info.plist in Resources */ = {isa = PBXBuildFile; fileRef = 6725C28227CF0289000D76CB /* GoogleService-Info.plist */; };
		6725C28627CF02FD000D76CB /* FirebaseAnalytics in Frameworks */ = {isa = PBXBuildFile; productRef = 6725C28527CF02FD000D76CB /* FirebaseAnalytics */; };
		6725C28827CF02FD000D76CB /* FirebaseAuth in Frameworks */ = {isa = PBXBuildFile; productRef = 6725C28727CF02FD000D76CB /* FirebaseAuth */; };
		6725C28A27CF02FD000D76CB /* FirebaseDatabase in Frameworks */ = {isa = PBXBuildFile; productRef = 6725C28927CF02FD000D76CB /* FirebaseDatabase */; };
/* End PBXBuildFile section */

/* Begin PBXFileReference section */
		6725C26B27CF025B000D76CB /* Firebase_101.app */ = {isa = PBXFileReference; explicitFileType = wrapper.application; includeInIndex = 0; path = Firebase_101.app; sourceTree = BUILT_PRODUCTS_DIR; };
		6725C26E27CF025B000D76CB /* AppDelegate.swift */ = {isa = PBXFileReference; lastKnownFileType = sourcecode.swift; path = AppDelegate.swift; sourceTree = "<group>"; };
		6725C27027CF025B000D76CB /* SceneDelegate.swift */ = {isa = PBXFileReference; lastKnownFileType = sourcecode.swift; path = SceneDelegate.swift; sourceTree = "<group>"; };
		6725C27227CF025B000D76CB /* ViewController.swift */ = {isa = PBXFileReference; lastKnownFileType = sourcecode.swift; path = ViewController.swift; sourceTree = "<group>"; };
		6725C27527CF025B000D76CB /* Base */ = {isa = PBXFileReference; lastKnownFileType = file.storyboard; name = Base; path = Base.lproj/Main.storyboard; sourceTree = "<group>"; };
		6725C27727CF025B000D76CB /* Assets.xcassets */ = {isa = PBXFileReference; lastKnownFileType = folder.assetcatalog; path = Assets.xcassets; sourceTree = "<group>"; };
		6725C27A27CF025B000D76CB /* Base */ = {isa = PBXFileReference; lastKnownFileType = file.storyboard; name = Base; path = Base.lproj/LaunchScreen.storyboard; sourceTree = "<group>"; };
		6725C27C27CF025B000D76CB /* Info.plist */ = {isa = PBXFileReference; lastKnownFileType = text.plist.xml; path = Info.plist; sourceTree = "<group>"; };
		6725C28227CF0289000D76CB /* GoogleService-Info.plist */ = {isa = PBXFileReference; fileEncoding = 4; lastKnownFileType = text.plist.xml; name = "GoogleService-Info.plist"; path = "../../../../Downloads/GoogleService-Info.plist"; sourceTree = "<group>"; };
/* End PBXFileReference section */

/* Begin PBXFrameworksBuildPhase section */
		6725C26827CF025B000D76CB /* Frameworks */ = {
			isa = PBXFrameworksBuildPhase;
			buildActionMask = 2147483647;
			files = (
				6725C28A27CF02FD000D76CB /* FirebaseDatabase in Frameworks */,
				6725C28627CF02FD000D76CB /* FirebaseAnalytics in Frameworks */,
				6725C28827CF02FD000D76CB /* FirebaseAuth in Frameworks */,
			);
			runOnlyForDeploymentPostprocessing = 0;
		};
/* End PBXFrameworksBuildPhase section */

/* Begin PBXGroup section */
		6725C26227CF025B000D76CB = {
			isa = PBXGroup;
			children = (
				6725C26D27CF025B000D76CB /* Firebase_101 */,
				6725C26C27CF025B000D76CB /* Products */,
			);
			sourceTree = "<group>";
		};
		6725C26C27CF025B000D76CB /* Products */ = {
			isa = PBXGroup;
			children = (
				6725C26B27CF025B000D76CB /* Firebase_101.app */,
			);
			name = Products;
			sourceTree = "<group>";
		};
		6725C26D27CF025B000D76CB /* Firebase_101 */ = {
			isa = PBXGroup;
			children = (
				6725C26E27CF025B000D76CB /* AppDelegate.swift */,
				6725C27027CF025B000D76CB /* SceneDelegate.swift */,
				6725C27227CF025B000D76CB /* ViewController.swift */,
				6725C27427CF025B000D76CB /* Main.storyboard */,
				6725C27727CF025B000D76CB /* Assets.xcassets */,
				6725C27927CF025B000D76CB /* LaunchScreen.storyboard */,
				6725C27C27CF025B000D76CB /* Info.plist */,
				6725C28227CF0289000D76CB /* GoogleService-Info.plist */,
			);
			path = Firebase_101;
			sourceTree = "<group>";
		};
/* End PBXGroup section */

/* Begin PBXNativeTarget section */
		6725C26A27CF025B000D76CB /* Firebase_101 */ = {
			isa = PBXNativeTarget;
			buildConfigurationList = 6725C27F27CF025B000D76CB /* Build configuration list for PBXNativeTarget "Firebase_101" */;
			buildPhases = (
				6725C26727CF025B000D76CB /* Sources */,
				6725C26827CF025B000D76CB /* Frameworks */,
				6725C26927CF025B000D76CB /* Resources */,
			);
			buildRules = (
			);
			dependencies = (
			);
			name = Firebase_101;
			packageProductDependencies = (
				6725C28527CF02FD000D76CB /* FirebaseAnalytics */,
				6725C28727CF02FD000D76CB /* FirebaseAuth */,
				6725C28927CF02FD000D76CB /* FirebaseDatabase */,
			);
			productName = Firebase_101;
			productReference = 6725C26B27CF025B000D76CB /* Firebase_101.app */;
			productType = "com.apple.product-type.application";
		};
/* End PBXNativeTarget section */

/* Begin PBXProject section */
		6725C26327CF025B000D76CB /* Project object */ = {
			isa = PBXProject;
			attributes = {
				BuildIndependentTargetsInParallel = 1;
				LastSwiftUpdateCheck = 1320;
				LastUpgradeCheck = 1320;
				TargetAttributes = {
					6725C26A27CF025B000D76CB = {
						CreatedOnToolsVersion = 13.2.1;
					};
				};
			};
			buildConfigurationList = 6725C26627CF025B000D76CB /* Build configuration list for PBXProject "Firebase_101" */;
			compatibilityVersion = "Xcode 13.0";
			developmentRegion = en;
			hasScannedForEncodings = 0;
			knownRegions = (
				en,
				Base,
			);
			mainGroup = 6725C26227CF025B000D76CB;
			packageReferences = (
				6725C28427CF02FD000D76CB /* XCRemoteSwiftPackageReference "firebase-ios-sdk" */,
			);
			productRefGroup = 6725C26C27CF025B000D76CB /* Products */;
			projectDirPath = "";
			projectRoot = "";
			targets = (
				6725C26A27CF025B000D76CB /* Firebase_101 */,
			);
		};
/* End PBXProject section */

/* Begin PBXResourcesBuildPhase section */
		6725C26927CF025B000D76CB /* Resources */ = {
			isa = PBXResourcesBuildPhase;
			buildActionMask = 2147483647;
			files = (
				6725C27B27CF025B000D76CB /* LaunchScreen.storyboard in Resources */,
				6725C28327CF0289000D76CB /* GoogleService-Info.plist in Resources */,
				6725C27827CF025B000D76CB /* Assets.xcassets in Resources */,
				6725C27627CF025B000D76CB /* Main.storyboard in Resources */,
			);
			runOnlyForDeploymentPostprocessing = 0;
		};
/* End PBXResourcesBuildPhase section */

/* Begin PBXSourcesBuildPhase section */
		6725C26727CF025B000D76CB /* Sources */ = {
			isa = PBXSourcesBuildPhase;
			buildActionMask = 2147483647;
			files = (
				6725C27327CF025B000D76CB /* ViewController.swift in Sources */,
				6725C26F27CF025B000D76CB /* AppDelegate.swift in Sources */,
				6725C27127CF025B000D76CB /* SceneDelegate.swift in Sources */,
			);
			runOnlyForDeploymentPostprocessing = 0;
		};
/* End PBXSourcesBuildPhase section */

/* Begin PBXVariantGroup section */
		6725C27427CF025B000D76CB /* Main.storyboard */ = {
			isa = PBXVariantGroup;
			children = (
				6725C27527CF025B000D76CB /* Base */,
			);
			name = Main.storyboard;
			sourceTree = "<group>";
		};
		6725C27927CF025B000D76CB /* LaunchScreen.storyboard */ = {
			isa = PBXVariantGroup;
			children = (
				6725C27A27CF025B000D76CB /* Base */,
			);
			name = LaunchScreen.storyboard;
			sourceTree = "<group>";
		};
/* End PBXVariantGroup section */

/* Begin XCBuildConfiguration section */
		6725C27D27CF025B000D76CB /* Debug */ = {
			isa = XCBuildConfiguration;
			buildSettings = {
				ALWAYS_SEARCH_USER_PATHS = NO;
				CLANG_ANALYZER_NONNULL = YES;
				CLANG_ANALYZER_NUMBER_OBJECT_CONVERSION = YES_AGGRESSIVE;
				CLANG_CXX_LANGUAGE_STANDARD = "gnu++17";
				CLANG_CXX_LIBRARY = "libc++";
				CLANG_ENABLE_MODULES = YES;
				CLANG_ENABLE_OBJC_ARC = YES;
				CLANG_ENABLE_OBJC_WEAK = YES;
				CLANG_WARN_BLOCK_CAPTURE_AUTORELEASING = YES;
				CLANG_WARN_BOOL_CONVERSION = YES;
				CLANG_WARN_COMMA = YES;
				CLANG_WARN_CONSTANT_CONVERSION = YES;
				CLANG_WARN_DEPRECATED_OBJC_IMPLEMENTATIONS = YES;
				CLANG_WARN_DIRECT_OBJC_ISA_USAGE = YES_ERROR;
				CLANG_WARN_DOCUMENTATION_COMMENTS = YES;
				CLANG_WARN_EMPTY_BODY = YES;
				CLANG_WARN_ENUM_CONVERSION = YES;
				CLANG_WARN_INFINITE_RECURSION = YES;
				CLANG_WARN_INT_CONVERSION = YES;
				CLANG_WARN_NON_LITERAL_NULL_CONVERSION = YES;
				CLANG_WARN_OBJC_IMPLICIT_RETAIN_SELF = YES;
				CLANG_WARN_OBJC_LITERAL_CONVERSION = YES;
				CLANG_WARN_OBJC_ROOT_CLASS = YES_ERROR;
				CLANG_WARN_QUOTED_INCLUDE_IN_FRAMEWORK_HEADER = YES;
				CLANG_WARN_RANGE_LOOP_ANALYSIS = YES;
				CLANG_WARN_STRICT_PROTOTYPES = YES;
				CLANG_WARN_SUSPICIOUS_MOVE = YES;
				CLANG_WARN_UNGUARDED_AVAILABILITY = YES_AGGRESSIVE;
				CLANG_WARN_UNREACHABLE_CODE = YES;
				CLANG_WARN__DUPLICATE_METHOD_MATCH = YES;
				COPY_PHASE_STRIP = NO;
				DEBUG_INFORMATION_FORMAT = dwarf;
				ENABLE_STRICT_OBJC_MSGSEND = YES;
				ENABLE_TESTABILITY = YES;
				GCC_C_LANGUAGE_STANDARD = gnu11;
				GCC_DYNAMIC_NO_PIC = NO;
				GCC_NO_COMMON_BLOCKS = YES;
				GCC_OPTIMIZATION_LEVEL = 0;
				GCC_PREPROCESSOR_DEFINITIONS = (
					"DEBUG=1",
					"$(inherited)",
				);
				GCC_WARN_64_TO_32_BIT_CONVERSION = YES;
				GCC_WARN_ABOUT_RETURN_TYPE = YES_ERROR;
				GCC_WARN_UNDECLARED_SELECTOR = YES;
				GCC_WARN_UNINITIALIZED_AUTOS = YES_AGGRESSIVE;
				GCC_WARN_UNUSED_FUNCTION = YES;
				GCC_WARN_UNUSED_VARIABLE = YES;
				IPHONEOS_DEPLOYMENT_TARGET = 15.2;
				MTL_ENABLE_DEBUG_INFO = INCLUDE_SOURCE;
				MTL_FAST_MATH = YES;
				ONLY_ACTIVE_ARCH = YES;
				SDKROOT = iphoneos;
				SWIFT_ACTIVE_COMPILATION_CONDITIONS = DEBUG;
				SWIFT_OPTIMIZATION_LEVEL = "-Onone";
			};
			name = Debug;
		};
		6725C27E27CF025B000D76CB /* Release */ = {
			isa = XCBuildConfiguration;
			buildSettings = {
				ALWAYS_SEARCH_USER_PATHS = NO;
				CLANG_ANALYZER_NONNULL = YES;
				CLANG_ANALYZER_NUMBER_OBJECT_CONVERSION = YES_AGGRESSIVE;
				CLANG_CXX_LANGUAGE_STANDARD = "gnu++17";
				CLANG_CXX_LIBRARY = "libc++";
				CLANG_ENABLE_MODULES = YES;
				CLANG_ENABLE_OBJC_ARC = YES;
				CLANG_ENABLE_OBJC_WEAK = YES;
				CLANG_WARN_BLOCK_CAPTURE_AUTORELEASING = YES;
				CLANG_WARN_BOOL_CONVERSION = YES;
				CLANG_WARN_COMMA = YES;
				CLANG_WARN_CONSTANT_CONVERSION = YES;
				CLANG_WARN_DEPRECATED_OBJC_IMPLEMENTATIONS = YES;
				CLANG_WARN_DIRECT_OBJC_ISA_USAGE = YES_ERROR;
				CLANG_WARN_DOCUMENTATION_COMMENTS = YES;
				CLANG_WARN_EMPTY_BODY = YES;
				CLANG_WARN_ENUM_CONVERSION = YES;
				CLANG_WARN_INFINITE_RECURSION = YES;
				CLANG_WARN_INT_CONVERSION = YES;
				CLANG_WARN_NON_LITERAL_NULL_CONVERSION = YES;
				CLANG_WARN_OBJC_IMPLICIT_RETAIN_SELF = YES;
				CLANG_WARN_OBJC_LITERAL_CONVERSION = YES;
				CLANG_WARN_OBJC_ROOT_CLASS = YES_ERROR;
				CLANG_WARN_QUOTED_INCLUDE_IN_FRAMEWORK_HEADER = YES;
				CLANG_WARN_RANGE_LOOP_ANALYSIS = YES;
				CLANG_WARN_STRICT_PROTOTYPES = YES;
				CLANG_WARN_SUSPICIOUS_MOVE = YES;
				CLANG_WARN_UNGUARDED_AVAILABILITY = YES_AGGRESSIVE;
				CLANG_WARN_UNREACHABLE_CODE = YES;
				CLANG_WARN__DUPLICATE_METHOD_MATCH = YES;
				COPY_PHASE_STRIP = NO;
				DEBUG_INFORMATION_FORMAT = "dwarf-with-dsym";
				ENABLE_NS_ASSERTIONS = NO;
				ENABLE_STRICT_OBJC_MSGSEND = YES;
				GCC_C_LANGUAGE_STANDARD = gnu11;
				GCC_NO_COMMON_BLOCKS = YES;
				GCC_WARN_64_TO_32_BIT_CONVERSION = YES;
				GCC_WARN_ABOUT_RETURN_TYPE = YES_ERROR;
				GCC_WARN_UNDECLARED_SELECTOR = YES;
				GCC_WARN_UNINITIALIZED_AUTOS = YES_AGGRESSIVE;
				GCC_WARN_UNUSED_FUNCTION = YES;
				GCC_WARN_UNUSED_VARIABLE = YES;
				IPHONEOS_DEPLOYMENT_TARGET = 15.2;
				MTL_ENABLE_DEBUG_INFO = NO;
				MTL_FAST_MATH = YES;
				SDKROOT = iphoneos;
				SWIFT_COMPILATION_MODE = wholemodule;
				SWIFT_OPTIMIZATION_LEVEL = "-O";
				VALIDATE_PRODUCT = YES;
			};
			name = Release;
		};
		6725C28027CF025B000D76CB /* Debug */ = {
			isa = XCBuildConfiguration;
			buildSettings = {
				ASSETCATALOG_COMPILER_APPICON_NAME = AppIcon;
				ASSETCATALOG_COMPILER_GLOBAL_ACCENT_COLOR_NAME = AccentColor;
				CODE_SIGN_STYLE = Automatic;
				CURRENT_PROJECT_VERSION = 1;
				DEVELOPMENT_TEAM = 8G9QJBS8AT;
				GENERATE_INFOPLIST_FILE = YES;
				INFOPLIST_FILE = Firebase_101/Info.plist;
				INFOPLIST_KEY_UIApplicationSupportsIndirectInputEvents = YES;
				INFOPLIST_KEY_UILaunchStoryboardName = LaunchScreen;
				INFOPLIST_KEY_UIMainStoryboardFile = Main;
				INFOPLIST_KEY_UISupportedInterfaceOrientations_iPad = "UIInterfaceOrientationPortrait UIInterfaceOrientationPortraitUpsideDown UIInterfaceOrientationLandscapeLeft UIInterfaceOrientationLandscapeRight";
				INFOPLIST_KEY_UISupportedInterfaceOrientations_iPhone = "UIInterfaceOrientationPortrait UIInterfaceOrientationLandscapeLeft UIInterfaceOrientationLandscapeRight";
				LD_RUNPATH_SEARCH_PATHS = (
					"$(inherited)",
					"@executable_path/Frameworks",
				);
				MARKETING_VERSION = 1.0;
				PRODUCT_BUNDLE_IDENTIFIER = "jooeun.Firebase-101";
				PRODUCT_NAME = "$(TARGET_NAME)";
				SWIFT_EMIT_LOC_STRINGS = YES;
				SWIFT_VERSION = 5.0;
				TARGETED_DEVICE_FAMILY = "1,2";
			};
			name = Debug;
		};
		6725C28127CF025B000D76CB /* Release */ = {
			isa = XCBuildConfiguration;
			buildSettings = {
				ASSETCATALOG_COMPILER_APPICON_NAME = AppIcon;
				ASSETCATALOG_COMPILER_GLOBAL_ACCENT_COLOR_NAME = AccentColor;
				CODE_SIGN_STYLE = Automatic;
				CURRENT_PROJECT_VERSION = 1;
				DEVELOPMENT_TEAM = 8G9QJBS8AT;
				GENERATE_INFOPLIST_FILE = YES;
				INFOPLIST_FILE = Firebase_101/Info.plist;
				INFOPLIST_KEY_UIApplicationSupportsIndirectInputEvents = YES;
				INFOPLIST_KEY_UILaunchStoryboardName = LaunchScreen;
				INFOPLIST_KEY_UIMainStoryboardFile = Main;
				INFOPLIST_KEY_UISupportedInterfaceOrientations_iPad = "UIInterfaceOrientationPortrait UIInterfaceOrientationPortraitUpsideDown UIInterfaceOrientationLandscapeLeft UIInterfaceOrientationLandscapeRight";
				INFOPLIST_KEY_UISupportedInterfaceOrientations_iPhone = "UIInterfaceOrientationPortrait UIInterfaceOrientationLandscapeLeft UIInterfaceOrientationLandscapeRight";
				LD_RUNPATH_SEARCH_PATHS = (
					"$(inherited)",
					"@executable_path/Frameworks",
				);
				MARKETING_VERSION = 1.0;
				PRODUCT_BUNDLE_IDENTIFIER = "jooeun.Firebase-101";
				PRODUCT_NAME = "$(TARGET_NAME)";
				SWIFT_EMIT_LOC_STRINGS = YES;
				SWIFT_VERSION = 5.0;
				TARGETED_DEVICE_FAMILY = "1,2";
			};
			name = Release;
		};
/* End XCBuildConfiguration section */

/* Begin XCConfigurationList section */
		6725C26627CF025B000D76CB /* Build configuration list for PBXProject "Firebase_101" */ = {
			isa = XCConfigurationList;
			buildConfigurations = (
				6725C27D27CF025B000D76CB /* Debug */,
				6725C27E27CF025B000D76CB /* Release */,
			);
			defaultConfigurationIsVisible = 0;
			defaultConfigurationName = Release;
		};
		6725C27F27CF025B000D76CB /* Build configuration list for PBXNativeTarget "Firebase_101" */ = {
			isa = XCConfigurationList;
			buildConfigurations = (
				6725C28027CF025B000D76CB /* Debug */,
				6725C28127CF025B000D76CB /* Release */,
			);
			defaultConfigurationIsVisible = 0;
			defaultConfigurationName = Release;
		};
/* End XCConfigurationList section */

/* Begin XCRemoteSwiftPackageReference section */
		6725C28427CF02FD000D76CB /* XCRemoteSwiftPackageReference "firebase-ios-sdk" */ = {
			isa = XCRemoteSwiftPackageReference;
			repositoryURL = "https://github.com/firebase/firebase-ios-sdk";
			requirement = {
				kind = exactVersion;
				version = 8.9.1;
			};
		};
/* End XCRemoteSwiftPackageReference section */

/* Begin XCSwiftPackageProductDependency section */
		6725C28527CF02FD000D76CB /* FirebaseAnalytics */ = {
			isa = XCSwiftPackageProductDependency;
			package = 6725C28427CF02FD000D76CB /* XCRemoteSwiftPackageReference "firebase-ios-sdk" */;
			productName = FirebaseAnalytics;
		};
		6725C28727CF02FD000D76CB /* FirebaseAuth */ = {
			isa = XCSwiftPackageProductDependency;
			package = 6725C28427CF02FD000D76CB /* XCRemoteSwiftPackageReference "firebase-ios-sdk" */;
			productName = FirebaseAuth;
		};
		6725C28927CF02FD000D76CB /* FirebaseDatabase */ = {
			isa = XCSwiftPackageProductDependency;
			package = 6725C28427CF02FD000D76CB /* XCRemoteSwiftPackageReference "firebase-ios-sdk" */;
			productName = FirebaseDatabase;
		};
/* End XCSwiftPackageProductDependency section */
	};
	rootObject = 6725C26327CF025B000D76CB /* Project object */;
}
